{
  "originHash" : "3cab9ce3aaecd0aa33d8f43d1a0c1ae34eb49812293e20c7ce3c2b0394fcf23f",
  "pins" : [
    {
      "identity" : "appsflyerframework",
      "kind" : "remoteSourceControl",
      "location" : "https://github.com/AppsFlyerSDK/AppsFlyerFramework",
      "state" : {
        "revision" : "43147aff398c1d9973f2f5dbe1193ad5d2e82d74",
        "version" : "6.17.7"
      }
    },
    {
      "identity" : "pushwoosh-xcframework",
      "kind" : "remoteSourceControl",
      "location" : "https://github.com/Pushwoosh/Pushwoosh-XCFramework",
      "state" : {
        "revision" : "9cc40d208ea20cc8041a248cd5e9d8e4e30419a2",
        "version" : "6.11.3"
      }
    }
  ],
  "version" : 3
}
